// !$*UTF8*$!
{
	archiveVersion = 1;
	classes = {
	};
	objectVersion = 50;
	objects = {

/* Begin PBXBuildFile section */
		7001A89E25E2B30E00A90671 /* AppDelegate.swift in Sources */ = {isa = PBXBuildFile; fileRef = 7001A89D25E2B30E00A90671 /* AppDelegate.swift */; };
		7001A8A025E2B30E00A90671 /* SceneDelegate.swift in Sources */ = {isa = PBXBuildFile; fileRef = 7001A89F25E2B30E00A90671 /* SceneDelegate.swift */; };
		7001A8A225E2B30E00A90671 /* ViewController.swift in Sources */ = {isa = PBXBuildFile; fileRef = 7001A8A125E2B30E00A90671 /* ViewController.swift */; };
		7001A8A525E2B30E00A90671 /* Main.storyboard in Resources */ = {isa = PBXBuildFile; fileRef = 7001A8A325E2B30E00A90671 /* Main.storyboard */; };
		7001A8A825E2B30E00A90671 /* CoreDataFirstExample.xcdatamodeld in Sources */ = {isa = PBXBuildFile; fileRef = 7001A8A625E2B30E00A90671 /* CoreDataFirstExample.xcdatamodeld */; };
		7001A8AA25E2B30E00A90671 /* Assets.xcassets in Resources */ = {isa = PBXBuildFile; fileRef = 7001A8A925E2B30E00A90671 /* Assets.xcassets */; };
		7001A8AD25E2B30E00A90671 /* LaunchScreen.storyboard in Resources */ = {isa = PBXBuildFile; fileRef = 7001A8AB25E2B30E00A90671 /* LaunchScreen.storyboard */; };
		7001A8B625E2B52900A90671 /* PersistentContainer.swift in Sources */ = {isa = PBXBuildFile; fileRef = 7001A8B525E2B52900A90671 /* PersistentContainer.swift */; };
		7001A8BA25E2B6B600A90671 /* Employee+CoreDataClass.swift in Sources */ = {isa = PBXBuildFile; fileRef = 7001A8B825E2B6B600A90671 /* Employee+CoreDataClass.swift */; };
		7001A8BB25E2B6B600A90671 /* Employee+CoreDataProperties.swift in Sources */ = {isa = PBXBuildFile; fileRef = 7001A8B925E2B6B600A90671 /* Employee+CoreDataProperties.swift */; };
/* End PBXBuildFile section */

/* Begin PBXFileReference section */
		7001A89A25E2B30E00A90671 /* CoreDataFirstExample.app */ = {isa = PBXFileReference; explicitFileType = wrapper.application; includeInIndex = 0; path = CoreDataFirstExample.app; sourceTree = BUILT_PRODUCTS_DIR; };
		7001A89D25E2B30E00A90671 /* AppDelegate.swift */ = {isa = PBXFileReference; lastKnownFileType = sourcecode.swift; path = AppDelegate.swift; sourceTree = "<group>"; };
		7001A89F25E2B30E00A90671 /* SceneDelegate.swift */ = {isa = PBXFileReference; lastKnownFileType = sourcecode.swift; path = SceneDelegate.swift; sourceTree = "<group>"; };
		7001A8A125E2B30E00A90671 /* ViewController.swift */ = {isa = PBXFileReference; lastKnownFileType = sourcecode.swift; path = ViewController.swift; sourceTree = "<group>"; };
		7001A8A425E2B30E00A90671 /* Base */ = {isa = PBXFileReference; lastKnownFileType = file.storyboard; name = Base; path = Base.lproj/Main.storyboard; sourceTree = "<group>"; };
		7001A8A725E2B30E00A90671 /* CoreDataFirstExample.xcdatamodel */ = {isa = PBXFileReference; lastKnownFileType = wrapper.xcdatamodel; path = CoreDataFirstExample.xcdatamodel; sourceTree = "<group>"; };
		7001A8A925E2B30E00A90671 /* Assets.xcassets */ = {isa = PBXFileReference; lastKnownFileType = folder.assetcatalog; path = Assets.xcassets; sourceTree = "<group>"; };
		7001A8AC25E2B30E00A90671 /* Base */ = {isa = PBXFileReference; lastKnownFileType = file.storyboard; name = Base; path = Base.lproj/LaunchScreen.storyboard; sourceTree = "<group>"; };
		7001A8AE25E2B30E00A90671 /* Info.plist */ = {isa = PBXFileReference; lastKnownFileType = text.plist.xml; path = Info.plist; sourceTree = "<group>"; };
		7001A8B525E2B52900A90671 /* PersistentContainer.swift */ = {isa = PBXFileReference; lastKnownFileType = sourcecode.swift; path = PersistentContainer.swift; sourceTree = "<group>"; };
		7001A8B825E2B6B600A90671 /* Employee+CoreDataClass.swift */ = {isa = PBXFileReference; lastKnownFileType = sourcecode.swift; path = "Employee+CoreDataClass.swift"; sourceTree = SOURCE_ROOT; };
		7001A8B925E2B6B600A90671 /* Employee+CoreDataProperties.swift */ = {isa = PBXFileReference; lastKnownFileType = sourcecode.swift; path = "Employee+CoreDataProperties.swift"; sourceTree = SOURCE_ROOT; };
/* End PBXFileReference section */

/* Begin PBXFrameworksBuildPhase section */
		7001A89725E2B30E00A90671 /* Frameworks */ = {
			isa = PBXFrameworksBuildPhase;
			buildActionMask = 2147483647;
			files = (
			);
			runOnlyForDeploymentPostprocessing = 0;
		};
/* End PBXFrameworksBuildPhase section */

/* Begin PBXGroup section */
		7001A89125E2B30D00A90671 = {
			isa = PBXGroup;
			children = (
				7001A89C25E2B30E00A90671 /* CoreDataFirstExample */,
				7001A89B25E2B30E00A90671 /* Products */,
			);
			sourceTree = "<group>";
		};
		7001A89B25E2B30E00A90671 /* Products */ = {
			isa = PBXGroup;
			children = (
				7001A89A25E2B30E00A90671 /* CoreDataFirstExample.app */,
			);
			name = Products;
			sourceTree = "<group>";
		};
		7001A89C25E2B30E00A90671 /* CoreDataFirstExample */ = {
			isa = PBXGroup;
			children = (
				7001A8B825E2B6B600A90671 /* Employee+CoreDataClass.swift */,
				7001A8B925E2B6B600A90671 /* Employee+CoreDataProperties.swift */,
				7001A89D25E2B30E00A90671 /* AppDelegate.swift */,
				7001A89F25E2B30E00A90671 /* SceneDelegate.swift */,
				7001A8A125E2B30E00A90671 /* ViewController.swift */,
				7001A8A325E2B30E00A90671 /* Main.storyboard */,
				7001A8A925E2B30E00A90671 /* Assets.xcassets */,
				7001A8AB25E2B30E00A90671 /* LaunchScreen.storyboard */,
				7001A8AE25E2B30E00A90671 /* Info.plist */,
				7001A8A625E2B30E00A90671 /* CoreDataFirstExample.xcdatamodeld */,
				7001A8B525E2B52900A90671 /* PersistentContainer.swift */,
			);
			path = CoreDataFirstExample;
			sourceTree = "<group>";
		};
/* End PBXGroup section */

/* Begin PBXNativeTarget section */
		7001A89925E2B30E00A90671 /* CoreDataFirstExample */ = {
			isa = PBXNativeTarget;
			buildConfigurationList = 7001A8B125E2B30E00A90671 /* Build configuration list for PBXNativeTarget "CoreDataFirstExample" */;
			buildPhases = (
				7001A89625E2B30E00A90671 /* Sources */,
				7001A89725E2B30E00A90671 /* Frameworks */,
				7001A89825E2B30E00A90671 /* Resources */,
			);
			buildRules = (
			);
			dependencies = (
			);
			name = CoreDataFirstExample;
			productName = CoreDataFirstExample;
			productReference = 7001A89A25E2B30E00A90671 /* CoreDataFirstExample.app */;
			productType = "com.apple.product-type.application";
		};
/* End PBXNativeTarget section */

/* Begin PBXProject section */
		7001A89225E2B30D00A90671 /* Project object */ = {
			isa = PBXProject;
			attributes = {
				LastSwiftUpdateCheck = 1240;
				LastUpgradeCheck = 1240;
				TargetAttributes = {
					7001A89925E2B30E00A90671 = {
						CreatedOnToolsVersion = 12.4;
					};
				};
			};
			buildConfigurationList = 7001A89525E2B30D00A90671 /* Build configuration list for PBXProject "CoreDataFirstExample" */;
			compatibilityVersion = "Xcode 9.3";
			developmentRegion = en;
			hasScannedForEncodings = 0;
			knownRegions = (
				en,
				Base,
			);
			mainGroup = 7001A89125E2B30D00A90671;
			productRefGroup = 7001A89B25E2B30E00A90671 /* Products */;
			projectDirPath = "";
			projectRoot = "";
			targets = (
				7001A89925E2B30E00A90671 /* CoreDataFirstExample */,
			);
		};
/* End PBXProject section */

/* Begin PBXResourcesBuildPhase section */
		7001A89825E2B30E00A90671 /* Resources */ = {
			isa = PBXResourcesBuildPhase;
			buildActionMask = 2147483647;
			files = (
				7001A8AD25E2B30E00A90671 /* LaunchScreen.storyboard in Resources */,
				7001A8AA25E2B30E00A90671 /* Assets.xcassets in Resources */,
				7001A8A525E2B30E00A90671 /* Main.storyboard in Resources */,
			);
			runOnlyForDeploymentPostprocessing = 0;
		};
/* End PBXResourcesBuildPhase section */

/* Begin PBXSourcesBuildPhase section */
		7001A89625E2B30E00A90671 /* Sources */ = {
			isa = PBXSourcesBuildPhase;
			buildActionMask = 2147483647;
			files = (
				7001A8A825E2B30E00A90671 /* CoreDataFirstExample.xcdatamodeld in Sources */,
				7001A8BA25E2B6B600A90671 /* Employee+CoreDataClass.swift in Sources */,
				7001A8A225E2B30E00A90671 /* ViewController.swift in Sources */,
				7001A8B625E2B52900A90671 /* PersistentContainer.swift in Sources */,
				7001A89E25E2B30E00A90671 /* AppDelegate.swift in Sources */,
				7001A8A025E2B30E00A90671 /* SceneDelegate.swift in Sources */,
				7001A8BB25E2B6B600A90671 /* Employee+CoreDataProperties.swift in Sources */,
			);
			runOnlyForDeploymentPostprocessing = 0;
		};
/* End PBXSourcesBuildPhase section */

/* Begin PBXVariantGroup section */
		7001A8A325E2B30E00A90671 /* Main.storyboard */ = {
			isa = PBXVariantGroup;
			children = (
				7001A8A425E2B30E00A90671 /* Base */,
			);
			name = Main.storyboard;
			sourceTree = "<group>";
		};
		7001A8AB25E2B30E00A90671 /* LaunchScreen.storyboard */ = {
			isa = PBXVariantGroup;
			children = (
				7001A8AC25E2B30E00A90671 /* Base */,
			);
			name = LaunchScreen.storyboard;
			sourceTree = "<group>";
		};
/* End PBXVariantGroup section */

/* Begin XCBuildConfiguration section */
		7001A8AF25E2B30E00A90671 /* Debug */ = {
			isa = XCBuildConfiguration;
			buildSettings = {
				ALWAYS_SEARCH_USER_PATHS = NO;
				CLANG_ANALYZER_NONNULL = YES;
				CLANG_ANALYZER_NUMBER_OBJECT_CONVERSION = YES_AGGRESSIVE;
				CLANG_CXX_LANGUAGE_STANDARD = "gnu++14";
				CLANG_CXX_LIBRARY = "libc++";
				CLANG_ENABLE_MODULES = YES;
				CLANG_ENABLE_OBJC_ARC = YES;
				CLANG_ENABLE_OBJC_WEAK = YES;
				CLANG_WARN_BLOCK_CAPTURE_AUTORELEASING = YES;
				CLANG_WARN_BOOL_CONVERSION = YES;
				CLANG_WARN_COMMA = YES;
				CLANG_WARN_CONSTANT_CONVERSION = YES;
				CLANG_WARN_DEPRECATED_OBJC_IMPLEMENTATIONS = YES;
				CLANG_WARN_DIRECT_OBJC_ISA_USAGE = YES_ERROR;
				CLANG_WARN_DOCUMENTATION_COMMENTS = YES;
				CLANG_WARN_EMPTY_BODY = YES;
				CLANG_WARN_ENUM_CONVERSION = YES;
				CLANG_WARN_INFINITE_RECURSION = YES;
				CLANG_WARN_INT_CONVERSION = YES;
				CLANG_WARN_NON_LITERAL_NULL_CONVERSION = YES;
				CLANG_WARN_OBJC_IMPLICIT_RETAIN_SELF = YES;
				CLANG_WARN_OBJC_LITERAL_CONVERSION = YES;
				CLANG_WARN_OBJC_ROOT_CLASS = YES_ERROR;
				CLANG_WARN_QUOTED_INCLUDE_IN_FRAMEWORK_HEADER = YES;
				CLANG_WARN_RANGE_LOOP_ANALYSIS = YES;
				CLANG_WARN_STRICT_PROTOTYPES = YES;
				CLANG_WARN_SUSPICIOUS_MOVE = YES;
				CLANG_WARN_UNGUARDED_AVAILABILITY = YES_AGGRESSIVE;
				CLANG_WARN_UNREACHABLE_CODE = YES;
				CLANG_WARN__DUPLICATE_METHOD_MATCH = YES;
				COPY_PHASE_STRIP = NO;
				DEBUG_INFORMATION_FORMAT = dwarf;
				ENABLE_STRICT_OBJC_MSGSEND = YES;
				ENABLE_TESTABILITY = YES;
				GCC_C_LANGUAGE_STANDARD = gnu11;
				GCC_DYNAMIC_NO_PIC = NO;
				GCC_NO_COMMON_BLOCKS = YES;
				GCC_OPTIMIZATION_LEVEL = 0;
				GCC_PREPROCESSOR_DEFINITIONS = (
					"DEBUG=1",
					"$(inherited)",
				);
				GCC_WARN_64_TO_32_BIT_CONVERSION = YES;
				GCC_WARN_ABOUT_RETURN_TYPE = YES_ERROR;
				GCC_WARN_UNDECLARED_SELECTOR = YES;
				GCC_WARN_UNINITIALIZED_AUTOS = YES_AGGRESSIVE;
				GCC_WARN_UNUSED_FUNCTION = YES;
				GCC_WARN_UNUSED_VARIABLE = YES;
				IPHONEOS_DEPLOYMENT_TARGET = 14.4;
				MTL_ENABLE_DEBUG_INFO = INCLUDE_SOURCE;
				MTL_FAST_MATH = YES;
				ONLY_ACTIVE_ARCH = YES;
				SDKROOT = iphoneos;
				SWIFT_ACTIVE_COMPILATION_CONDITIONS = DEBUG;
				SWIFT_OPTIMIZATION_LEVEL = "-Onone";
			};
			name = Debug;
		};
		7001A8B025E2B30E00A90671 /* Release */ = {
			isa = XCBuildConfiguration;
			buildSettings = {
				ALWAYS_SEARCH_USER_PATHS = NO;
				CLANG_ANALYZER_NONNULL = YES;
				CLANG_ANALYZER_NUMBER_OBJECT_CONVERSION = YES_AGGRESSIVE;
				CLANG_CXX_LANGUAGE_STANDARD = "gnu++14";
				CLANG_CXX_LIBRARY = "libc++";
				CLANG_ENABLE_MODULES = YES;
				CLANG_ENABLE_OBJC_ARC = YES;
				CLANG_ENABLE_OBJC_WEAK = YES;
				CLANG_WARN_BLOCK_CAPTURE_AUTORELEASING = YES;
				CLANG_WARN_BOOL_CONVERSION = YES;
				CLANG_WARN_COMMA = YES;
				CLANG_WARN_CONSTANT_CONVERSION = YES;
				CLANG_WARN_DEPRECATED_OBJC_IMPLEMENTATIONS = YES;
				CLANG_WARN_DIRECT_OBJC_ISA_USAGE = YES_ERROR;
				CLANG_WARN_DOCUMENTATION_COMMENTS = YES;
				CLANG_WARN_EMPTY_BODY = YES;
				CLANG_WARN_ENUM_CONVERSION = YES;
				CLANG_WARN_INFINITE_RECURSION = YES;
				CLANG_WARN_INT_CONVERSION = YES;
				CLANG_WARN_NON_LITERAL_NULL_CONVERSION = YES;
				CLANG_WARN_OBJC_IMPLICIT_RETAIN_SELF = YES;
				CLANG_WARN_OBJC_LITERAL_CONVERSION = YES;
				CLANG_WARN_OBJC_ROOT_CLASS = YES_ERROR;
				CLANG_WARN_QUOTED_INCLUDE_IN_FRAMEWORK_HEADER = YES;
				CLANG_WARN_RANGE_LOOP_ANALYSIS = YES;
				CLANG_WARN_STRICT_PROTOTYPES = YES;
				CLANG_WARN_SUSPICIOUS_MOVE = YES;
				CLANG_WARN_UNGUARDED_AVAILABILITY = YES_AGGRESSIVE;
				CLANG_WARN_UNREACHABLE_CODE = YES;
				CLANG_WARN__DUPLICATE_METHOD_MATCH = YES;
				COPY_PHASE_STRIP = NO;
				DEBUG_INFORMATION_FORMAT = "dwarf-with-dsym";
				ENABLE_NS_ASSERTIONS = NO;
				ENABLE_STRICT_OBJC_MSGSEND = YES;
				GCC_C_LANGUAGE_STANDARD = gnu11;
				GCC_NO_COMMON_BLOCKS = YES;
				GCC_WARN_64_TO_32_BIT_CONVERSION = YES;
				GCC_WARN_ABOUT_RETURN_TYPE = YES_ERROR;
				GCC_WARN_UNDECLARED_SELECTOR = YES;
				GCC_WARN_UNINITIALIZED_AUTOS = YES_AGGRESSIVE;
				GCC_WARN_UNUSED_FUNCTION = YES;
				GCC_WARN_UNUSED_VARIABLE = YES;
				IPHONEOS_DEPLOYMENT_TARGET = 14.4;
				MTL_ENABLE_DEBUG_INFO = NO;
				MTL_FAST_MATH = YES;
				SDKROOT = iphoneos;
				SWIFT_COMPILATION_MODE = wholemodule;
				SWIFT_OPTIMIZATION_LEVEL = "-O";
				VALIDATE_PRODUCT = YES;
			};
			name = Release;
		};
		7001A8B225E2B30E00A90671 /* Debug */ = {
			isa = XCBuildConfiguration;
			buildSettings = {
				ASSETCATALOG_COMPILER_APPICON_NAME = AppIcon;
				ASSETCATALOG_COMPILER_GLOBAL_ACCENT_COLOR_NAME = AccentColor;
				CODE_SIGN_STYLE = Automatic;
				INFOPLIST_FILE = CoreDataFirstExample/Info.plist;
				LD_RUNPATH_SEARCH_PATHS = (
					"$(inherited)",
					"@executable_path/Frameworks",
				);
				PRODUCT_BUNDLE_IDENTIFIER = com.aligntech.CoreDataFirstExample;
				PRODUCT_NAME = "$(TARGET_NAME)";
				SWIFT_VERSION = 5.0;
				TARGETED_DEVICE_FAMILY = "1,2";
			};
			name = Debug;
		};
		7001A8B325E2B30E00A90671 /* Release */ = {
			isa = XCBuildConfiguration;
			buildSettings = {
				ASSETCATALOG_COMPILER_APPICON_NAME = AppIcon;
				ASSETCATALOG_COMPILER_GLOBAL_ACCENT_COLOR_NAME = AccentColor;
				CODE_SIGN_STYLE = Automatic;
				INFOPLIST_FILE = CoreDataFirstExample/Info.plist;
				LD_RUNPATH_SEARCH_PATHS = (
					"$(inherited)",
					"@executable_path/Frameworks",
				);
				PRODUCT_BUNDLE_IDENTIFIER = com.aligntech.CoreDataFirstExample;
				PRODUCT_NAME = "$(TARGET_NAME)";
				SWIFT_VERSION = 5.0;
				TARGETED_DEVICE_FAMILY = "1,2";
			};
			name = Release;
		};
/* End XCBuildConfiguration section */

/* Begin XCConfigurationList section */
		7001A89525E2B30D00A90671 /* Build configuration list for PBXProject "CoreDataFirstExample" */ = {
			isa = XCConfigurationList;
			buildConfigurations = (
				7001A8AF25E2B30E00A90671 /* Debug */,
				7001A8B025E2B30E00A90671 /* Release */,
			);
			defaultConfigurationIsVisible = 0;
			defaultConfigurationName = Release;
		};
		7001A8B125E2B30E00A90671 /* Build configuration list for PBXNativeTarget "CoreDataFirstExample" */ = {
			isa = XCConfigurationList;
			buildConfigurations = (
				7001A8B225E2B30E00A90671 /* Debug */,
				7001A8B325E2B30E00A90671 /* Release */,
			);
			defaultConfigurationIsVisible = 0;
			defaultConfigurationName = Release;
		};
/* End XCConfigurationList section */

/* Begin XCVersionGroup section */
		7001A8A625E2B30E00A90671 /* CoreDataFirstExample.xcdatamodeld */ = {
			isa = XCVersionGroup;
			children = (
				7001A8A725E2B30E00A90671 /* CoreDataFirstExample.xcdatamodel */,
			);
			currentVersion = 7001A8A725E2B30E00A90671 /* CoreDataFirstExample.xcdatamodel */;
			path = CoreDataFirstExample.xcdatamodeld;
			sourceTree = "<group>";
			versionGroupType = wrapper.xcdatamodel;
		};
/* End XCVersionGroup section */
	};
	rootObject = 7001A89225E2B30D00A90671 /* Project object */;
}
